
Microsoft Visual Studio Solution File, Format Version 12.00
# Visual Studio Version 16
VisualStudioVersion = 16.0.29209.62
MinimumVisualStudioVersion = 10.0.40219.1
Project("{FAE04EC0-301F-11D3-BF4B-00C04F79EFBC}") = "TresEnRaya", "TresEnRaya\TresEnRaya.csproj", "{59605CE4-C727-48D7-97DF-29584362A631}"
EndProject
Project("{FAE04EC0-301F-11D3-BF4B-00C04F79EFBC}") = "TresEnRayaCore", "TresEnRayaCore\TresEnRayaCore.csproj", "{E85BEE84-4D68-44EC-BA9B-5A9699814F84}"
EndProject
Global
	GlobalSection(SolutionConfigurationPlatforms) = preSolution
		Debug|Any CPU = Debug|Any CPU
		Release|Any CPU = Release|Any CPU
	EndGlobalSection
	GlobalSection(ProjectConfigurationPlatforms) = postSolution
		{59605CE4-C727-48D7-97DF-29584362A631}.Debug|Any CPU.ActiveCfg = Debug|Any CPU
		{59605CE4-C727-48D7-97DF-29584362A631}.Debug|Any CPU.Build.0 = Debug|Any CPU
		{59605CE4-C727-48D7-97DF-29584362A631}.Release|Any CPU.ActiveCfg = Release|Any CPU
		{59605CE4-C727-48D7-97DF-29584362A631}.Release|Any CPU.Build.0 = Release|Any CPU
		{E85BEE84-4D68-44EC-BA9B-5A9699814F84}.Debug|Any CPU.ActiveCfg = Debug|Any CPU
		{E85BEE84-4D68-44EC-BA9B-5A9699814F84}.Debug|Any CPU.Build.0 = Debug|Any CPU
		{E85BEE84-4D68-44EC-BA9B-5A9699814F84}.Release|Any CPU.ActiveCfg = Release|Any CPU
		{E85BEE84-4D68-44EC-BA9B-5A9699814F84}.Release|Any CPU.Build.0 = Release|Any CPU
	EndGlobalSection
	GlobalSection(SolutionProperties) = preSolution
		HideSolutionNode = FALSE
	EndGlobalSection
	GlobalSection(ExtensibilityGlobals) = postSolution
		SolutionGuid = {7C434C7B-0DA1-4B99-8E0C-ABD0681FA77F}
	EndGlobalSection
EndGlobal
